// !$*UTF8*$!
{
	archiveVersion = 1;
	classes = {
	};
	objectVersion = 50;
	objects = {

/* Begin PBXBuildFile section */
		2B4C6BC3244276B800E8C984 /* Map_ViewController.swift in Sources */ = {isa = PBXBuildFile; fileRef = 2B4C6BC2244276B800E8C984 /* Map_ViewController.swift */; };
		2B5A8DC4243BE56B0082F2DC /* Perfil_ViewController.swift in Sources */ = {isa = PBXBuildFile; fileRef = 2B5A8DC3243BE56B0082F2DC /* Perfil_ViewController.swift */; };
		2BBBD1D624411FDB00C47F7A /* CriarAtividade_ViewController.swift in Sources */ = {isa = PBXBuildFile; fileRef = 2BBBD1D524411FDB00C47F7A /* CriarAtividade_ViewController.swift */; };
		3086A5852437B27100CBE609 /* AppDelegate.swift in Sources */ = {isa = PBXBuildFile; fileRef = 3086A5842437B27100CBE609 /* AppDelegate.swift */; };
		3086A5872437B27100CBE609 /* SceneDelegate.swift in Sources */ = {isa = PBXBuildFile; fileRef = 3086A5862437B27100CBE609 /* SceneDelegate.swift */; };
		3086A5892437B27100CBE609 /* ViewController.swift in Sources */ = {isa = PBXBuildFile; fileRef = 3086A5882437B27100CBE609 /* ViewController.swift */; };
		3086A58C2437B27100CBE609 /* Main.storyboard in Resources */ = {isa = PBXBuildFile; fileRef = 3086A58A2437B27100CBE609 /* Main.storyboard */; };
		3086A58E2437B27500CBE609 /* Assets.xcassets in Resources */ = {isa = PBXBuildFile; fileRef = 3086A58D2437B27500CBE609 /* Assets.xcassets */; };
		3086A5912437B27500CBE609 /* LaunchScreen.storyboard in Resources */ = {isa = PBXBuildFile; fileRef = 3086A58F2437B27500CBE609 /* LaunchScreen.storyboard */; };
		30B06BA2243E60B3002DC8D2 /* Perfil.storyboard in Resources */ = {isa = PBXBuildFile; fileRef = 30B06BA1243E60B3002DC8D2 /* Perfil.storyboard */; };
		30B06BA4243E60E4002DC8D2 /* FeedDeBusca.storyboard in Resources */ = {isa = PBXBuildFile; fileRef = 30B06BA3243E60E4002DC8D2 /* FeedDeBusca.storyboard */; };
		30B06BA6243E63DB002DC8D2 /* TableViewCellFeedBusca.swift in Sources */ = {isa = PBXBuildFile; fileRef = 30B06BA5243E63DB002DC8D2 /* TableViewCellFeedBusca.swift */; };
		30CC5529243E8FBD0097BFDF /* Chat.storyboard in Resources */ = {isa = PBXBuildFile; fileRef = 30CC5528243E8FBD0097BFDF /* Chat.storyboard */; };
		30CC552B243F93270097BFDF /* CriaAtividade_ViewController.storyboard in Resources */ = {isa = PBXBuildFile; fileRef = 30CC552A243F93270097BFDF /* CriaAtividade_ViewController.storyboard */; };
		30CC552D243F98220097BFDF /* DetalheAtividade_ViewController.swift in Sources */ = {isa = PBXBuildFile; fileRef = 30CC552C243F98220097BFDF /* DetalheAtividade_ViewController.swift */; };
		30CC552F243F9E8D0097BFDF /* TablewView_ViewController.swift in Sources */ = {isa = PBXBuildFile; fileRef = 30CC552E243F9E8D0097BFDF /* TablewView_ViewController.swift */; };
/* End PBXBuildFile section */

/* Begin PBXFileReference section */
		2B4C6BC2244276B800E8C984 /* Map_ViewController.swift */ = {isa = PBXFileReference; lastKnownFileType = sourcecode.swift; path = Map_ViewController.swift; sourceTree = "<group>"; };
		2B5A8DC3243BE56B0082F2DC /* Perfil_ViewController.swift */ = {isa = PBXFileReference; lastKnownFileType = sourcecode.swift; path = Perfil_ViewController.swift; sourceTree = "<group>"; };
		2BBBD1D524411FDB00C47F7A /* CriarAtividade_ViewController.swift */ = {isa = PBXFileReference; lastKnownFileType = sourcecode.swift; path = CriarAtividade_ViewController.swift; sourceTree = "<group>"; };
		3086A5812437B27100CBE609 /* Idosos_Descolados_XCode.app */ = {isa = PBXFileReference; explicitFileType = wrapper.application; includeInIndex = 0; path = Idosos_Descolados_XCode.app; sourceTree = BUILT_PRODUCTS_DIR; };
		3086A5842437B27100CBE609 /* AppDelegate.swift */ = {isa = PBXFileReference; lastKnownFileType = sourcecode.swift; path = AppDelegate.swift; sourceTree = "<group>"; };
		3086A5862437B27100CBE609 /* SceneDelegate.swift */ = {isa = PBXFileReference; lastKnownFileType = sourcecode.swift; path = SceneDelegate.swift; sourceTree = "<group>"; };
		3086A5882437B27100CBE609 /* ViewController.swift */ = {isa = PBXFileReference; lastKnownFileType = sourcecode.swift; path = ViewController.swift; sourceTree = "<group>"; };
		3086A58B2437B27100CBE609 /* Base */ = {isa = PBXFileReference; lastKnownFileType = file.storyboard; name = Base; path = Base.lproj/Main.storyboard; sourceTree = "<group>"; };
		3086A58D2437B27500CBE609 /* Assets.xcassets */ = {isa = PBXFileReference; lastKnownFileType = folder.assetcatalog; path = Assets.xcassets; sourceTree = "<group>"; };
		3086A5902437B27500CBE609 /* Base */ = {isa = PBXFileReference; lastKnownFileType = file.storyboard; name = Base; path = Base.lproj/LaunchScreen.storyboard; sourceTree = "<group>"; };
		3086A5922437B27500CBE609 /* Info.plist */ = {isa = PBXFileReference; lastKnownFileType = text.plist.xml; path = Info.plist; sourceTree = "<group>"; };
		30B06BA1243E60B3002DC8D2 /* Perfil.storyboard */ = {isa = PBXFileReference; lastKnownFileType = file.storyboard; path = Perfil.storyboard; sourceTree = "<group>"; };
		30B06BA3243E60E4002DC8D2 /* FeedDeBusca.storyboard */ = {isa = PBXFileReference; lastKnownFileType = file.storyboard; path = FeedDeBusca.storyboard; sourceTree = "<group>"; };
		30B06BA5243E63DB002DC8D2 /* TableViewCellFeedBusca.swift */ = {isa = PBXFileReference; lastKnownFileType = sourcecode.swift; path = TableViewCellFeedBusca.swift; sourceTree = "<group>"; };
		30CC5528243E8FBD0097BFDF /* Chat.storyboard */ = {isa = PBXFileReference; lastKnownFileType = file.storyboard; path = Chat.storyboard; sourceTree = "<group>"; };
		30CC552A243F93270097BFDF /* CriaAtividade_ViewController.storyboard */ = {isa = PBXFileReference; lastKnownFileType = file.storyboard; path = CriaAtividade_ViewController.storyboard; sourceTree = "<group>"; };
		30CC552C243F98220097BFDF /* DetalheAtividade_ViewController.swift */ = {isa = PBXFileReference; lastKnownFileType = sourcecode.swift; path = DetalheAtividade_ViewController.swift; sourceTree = "<group>"; };
		30CC552E243F9E8D0097BFDF /* TablewView_ViewController.swift */ = {isa = PBXFileReference; lastKnownFileType = sourcecode.swift; path = TablewView_ViewController.swift; sourceTree = "<group>"; };
/* End PBXFileReference section */

/* Begin PBXFrameworksBuildPhase section */
		3086A57E2437B27100CBE609 /* Frameworks */ = {
			isa = PBXFrameworksBuildPhase;
			buildActionMask = 2147483647;
			files = (
			);
			runOnlyForDeploymentPostprocessing = 0;
		};
/* End PBXFrameworksBuildPhase section */

/* Begin PBXGroup section */
		2B5A8DC6243CC9DB0082F2DC /* View  */ = {
			isa = PBXGroup;
			children = (
				2BBBD1D524411FDB00C47F7A /* CriarAtividade_ViewController.swift */,
				3086A5882437B27100CBE609 /* ViewController.swift */,
				30CC552E243F9E8D0097BFDF /* TablewView_ViewController.swift */,
				30CC552C243F98220097BFDF /* DetalheAtividade_ViewController.swift */,
				30B06BA5243E63DB002DC8D2 /* TableViewCellFeedBusca.swift */,
				2B5A8DC3243BE56B0082F2DC /* Perfil_ViewController.swift */,
				2B4C6BC2244276B800E8C984 /* Map_ViewController.swift */,
			);
			path = "View ";
			sourceTree = "<group>";
		};
		3086A5782437B27100CBE609 = {
			isa = PBXGroup;
			children = (
				3086A5832437B27100CBE609 /* Idosos_Descolados_XCode */,
				3086A5822437B27100CBE609 /* Products */,
			);
			sourceTree = "<group>";
		};
		3086A5822437B27100CBE609 /* Products */ = {
			isa = PBXGroup;
			children = (
				3086A5812437B27100CBE609 /* Idosos_Descolados_XCode.app */,
			);
			name = Products;
			sourceTree = "<group>";
		};
		3086A5832437B27100CBE609 /* Idosos_Descolados_XCode */ = {
			isa = PBXGroup;
			children = (
				30B06BA0243E5FFC002DC8D2 /* Storyboards */,
				3086A5842437B27100CBE609 /* AppDelegate.swift */,
				3086A5862437B27100CBE609 /* SceneDelegate.swift */,
				3086A58D2437B27500CBE609 /* Assets.xcassets */,
				3086A5922437B27500CBE609 /* Info.plist */,
				2B5A8DC6243CC9DB0082F2DC /* View  */,
			);
			path = Idosos_Descolados_XCode;
			sourceTree = "<group>";
		};
		30B06BA0243E5FFC002DC8D2 /* Storyboards */ = {
			isa = PBXGroup;
			children = (
				3086A58F2437B27500CBE609 /* LaunchScreen.storyboard */,
				30CC5528243E8FBD0097BFDF /* Chat.storyboard */,
				30CC552A243F93270097BFDF /* CriaAtividade_ViewController.storyboard */,
				30B06BA3243E60E4002DC8D2 /* FeedDeBusca.storyboard */,
				3086A58A2437B27100CBE609 /* Main.storyboard */,
				30B06BA1243E60B3002DC8D2 /* Perfil.storyboard */,
			);
			path = Storyboards;
			sourceTree = "<group>";
		};
/* End PBXGroup section */

/* Begin PBXNativeTarget section */
		3086A5802437B27100CBE609 /* Idosos_Descolados_XCode */ = {
			isa = PBXNativeTarget;
			buildConfigurationList = 3086A5952437B27500CBE609 /* Build configuration list for PBXNativeTarget "Idosos_Descolados_XCode" */;
			buildPhases = (
				3086A57D2437B27100CBE609 /* Sources */,
				3086A57E2437B27100CBE609 /* Frameworks */,
				3086A57F2437B27100CBE609 /* Resources */,
			);
			buildRules = (
			);
			dependencies = (
			);
			name = Idosos_Descolados_XCode;
			productName = Idosos_Descolados_XCode;
			productReference = 3086A5812437B27100CBE609 /* Idosos_Descolados_XCode.app */;
			productType = "com.apple.product-type.application";
		};
/* End PBXNativeTarget section */

/* Begin PBXProject section */
		3086A5792437B27100CBE609 /* Project object */ = {
			isa = PBXProject;
			attributes = {
				LastSwiftUpdateCheck = 1130;
				LastUpgradeCheck = 1130;
				ORGANIZATIONNAME = "Gáudio Ney";
				TargetAttributes = {
					3086A5802437B27100CBE609 = {
						CreatedOnToolsVersion = 11.3.1;
					};
				};
			};
			buildConfigurationList = 3086A57C2437B27100CBE609 /* Build configuration list for PBXProject "Idosos_Descolados_XCode" */;
			compatibilityVersion = "Xcode 9.3";
			developmentRegion = en;
			hasScannedForEncodings = 0;
			knownRegions = (
				en,
				Base,
			);
			mainGroup = 3086A5782437B27100CBE609;
			productRefGroup = 3086A5822437B27100CBE609 /* Products */;
			projectDirPath = "";
			projectRoot = "";
			targets = (
				3086A5802437B27100CBE609 /* Idosos_Descolados_XCode */,
			);
		};
/* End PBXProject section */

/* Begin PBXResourcesBuildPhase section */
		3086A57F2437B27100CBE609 /* Resources */ = {
			isa = PBXResourcesBuildPhase;
			buildActionMask = 2147483647;
			files = (
				30CC552B243F93270097BFDF /* CriaAtividade_ViewController.storyboard in Resources */,
				30CC5529243E8FBD0097BFDF /* Chat.storyboard in Resources */,
				3086A5912437B27500CBE609 /* LaunchScreen.storyboard in Resources */,
				30B06BA4243E60E4002DC8D2 /* FeedDeBusca.storyboard in Resources */,
				3086A58E2437B27500CBE609 /* Assets.xcassets in Resources */,
				30B06BA2243E60B3002DC8D2 /* Perfil.storyboard in Resources */,
				3086A58C2437B27100CBE609 /* Main.storyboard in Resources */,
			);
			runOnlyForDeploymentPostprocessing = 0;
		};
/* End PBXResourcesBuildPhase section */

/* Begin PBXSourcesBuildPhase section */
		3086A57D2437B27100CBE609 /* Sources */ = {
			isa = PBXSourcesBuildPhase;
			buildActionMask = 2147483647;
			files = (
				2BBBD1D624411FDB00C47F7A /* CriarAtividade_ViewController.swift in Sources */,
				3086A5892437B27100CBE609 /* ViewController.swift in Sources */,
				30CC552F243F9E8D0097BFDF /* TablewView_ViewController.swift in Sources */,
				2B4C6BC3244276B800E8C984 /* Map_ViewController.swift in Sources */,
				30B06BA6243E63DB002DC8D2 /* TableViewCellFeedBusca.swift in Sources */,
				3086A5852437B27100CBE609 /* AppDelegate.swift in Sources */,
				2B5A8DC4243BE56B0082F2DC /* Perfil_ViewController.swift in Sources */,
				3086A5872437B27100CBE609 /* SceneDelegate.swift in Sources */,
				30CC552D243F98220097BFDF /* DetalheAtividade_ViewController.swift in Sources */,
			);
			runOnlyForDeploymentPostprocessing = 0;
		};
/* End PBXSourcesBuildPhase section */

/* Begin PBXVariantGroup section */
		3086A58A2437B27100CBE609 /* Main.storyboard */ = {
			isa = PBXVariantGroup;
			children = (
				3086A58B2437B27100CBE609 /* Base */,
			);
			name = Main.storyboard;
			sourceTree = "<group>";
		};
		3086A58F2437B27500CBE609 /* LaunchScreen.storyboard */ = {
			isa = PBXVariantGroup;
			children = (
				3086A5902437B27500CBE609 /* Base */,
			);
			name = LaunchScreen.storyboard;
			sourceTree = "<group>";
		};
/* End PBXVariantGroup section */

/* Begin XCBuildConfiguration section */
		3086A5932437B27500CBE609 /* Debug */ = {
			isa = XCBuildConfiguration;
			buildSettings = {
				ALWAYS_SEARCH_USER_PATHS = NO;
				CLANG_ANALYZER_NONNULL = YES;
				CLANG_ANALYZER_NUMBER_OBJECT_CONVERSION = YES_AGGRESSIVE;
				CLANG_CXX_LANGUAGE_STANDARD = "gnu++14";
				CLANG_CXX_LIBRARY = "libc++";
				CLANG_ENABLE_MODULES = YES;
				CLANG_ENABLE_OBJC_ARC = YES;
				CLANG_ENABLE_OBJC_WEAK = YES;
				CLANG_WARN_BLOCK_CAPTURE_AUTORELEASING = YES;
				CLANG_WARN_BOOL_CONVERSION = YES;
				CLANG_WARN_COMMA = YES;
				CLANG_WARN_CONSTANT_CONVERSION = YES;
				CLANG_WARN_DEPRECATED_OBJC_IMPLEMENTATIONS = YES;
				CLANG_WARN_DIRECT_OBJC_ISA_USAGE = YES_ERROR;
				CLANG_WARN_DOCUMENTATION_COMMENTS = YES;
				CLANG_WARN_EMPTY_BODY = YES;
				CLANG_WARN_ENUM_CONVERSION = YES;
				CLANG_WARN_INFINITE_RECURSION = YES;
				CLANG_WARN_INT_CONVERSION = YES;
				CLANG_WARN_NON_LITERAL_NULL_CONVERSION = YES;
				CLANG_WARN_OBJC_IMPLICIT_RETAIN_SELF = YES;
				CLANG_WARN_OBJC_LITERAL_CONVERSION = YES;
				CLANG_WARN_OBJC_ROOT_CLASS = YES_ERROR;
				CLANG_WARN_RANGE_LOOP_ANALYSIS = YES;
				CLANG_WARN_STRICT_PROTOTYPES = YES;
				CLANG_WARN_SUSPICIOUS_MOVE = YES;
				CLANG_WARN_UNGUARDED_AVAILABILITY = YES_AGGRESSIVE;
				CLANG_WARN_UNREACHABLE_CODE = YES;
				CLANG_WARN__DUPLICATE_METHOD_MATCH = YES;
				COPY_PHASE_STRIP = NO;
				DEBUG_INFORMATION_FORMAT = dwarf;
				ENABLE_STRICT_OBJC_MSGSEND = YES;
				ENABLE_TESTABILITY = YES;
				GCC_C_LANGUAGE_STANDARD = gnu11;
				GCC_DYNAMIC_NO_PIC = NO;
				GCC_NO_COMMON_BLOCKS = YES;
				GCC_OPTIMIZATION_LEVEL = 0;
				GCC_PREPROCESSOR_DEFINITIONS = (
					"DEBUG=1",
					"$(inherited)",
				);
				GCC_WARN_64_TO_32_BIT_CONVERSION = YES;
				GCC_WARN_ABOUT_RETURN_TYPE = YES_ERROR;
				GCC_WARN_UNDECLARED_SELECTOR = YES;
				GCC_WARN_UNINITIALIZED_AUTOS = YES_AGGRESSIVE;
				GCC_WARN_UNUSED_FUNCTION = YES;
				GCC_WARN_UNUSED_VARIABLE = YES;
				IPHONEOS_DEPLOYMENT_TARGET = 13.2;
				MTL_ENABLE_DEBUG_INFO = INCLUDE_SOURCE;
				MTL_FAST_MATH = YES;
				ONLY_ACTIVE_ARCH = YES;
				SDKROOT = iphoneos;
				SWIFT_ACTIVE_COMPILATION_CONDITIONS = DEBUG;
				SWIFT_OPTIMIZATION_LEVEL = "-Onone";
			};
			name = Debug;
		};
		3086A5942437B27500CBE609 /* Release */ = {
			isa = XCBuildConfiguration;
			buildSettings = {
				ALWAYS_SEARCH_USER_PATHS = NO;
				CLANG_ANALYZER_NONNULL = YES;
				CLANG_ANALYZER_NUMBER_OBJECT_CONVERSION = YES_AGGRESSIVE;
				CLANG_CXX_LANGUAGE_STANDARD = "gnu++14";
				CLANG_CXX_LIBRARY = "libc++";
				CLANG_ENABLE_MODULES = YES;
				CLANG_ENABLE_OBJC_ARC = YES;
				CLANG_ENABLE_OBJC_WEAK = YES;
				CLANG_WARN_BLOCK_CAPTURE_AUTORELEASING = YES;
				CLANG_WARN_BOOL_CONVERSION = YES;
				CLANG_WARN_COMMA = YES;
				CLANG_WARN_CONSTANT_CONVERSION = YES;
				CLANG_WARN_DEPRECATED_OBJC_IMPLEMENTATIONS = YES;
				CLANG_WARN_DIRECT_OBJC_ISA_USAGE = YES_ERROR;
				CLANG_WARN_DOCUMENTATION_COMMENTS = YES;
				CLANG_WARN_EMPTY_BODY = YES;
				CLANG_WARN_ENUM_CONVERSION = YES;
				CLANG_WARN_INFINITE_RECURSION = YES;
				CLANG_WARN_INT_CONVERSION = YES;
				CLANG_WARN_NON_LITERAL_NULL_CONVERSION = YES;
				CLANG_WARN_OBJC_IMPLICIT_RETAIN_SELF = YES;
				CLANG_WARN_OBJC_LITERAL_CONVERSION = YES;
				CLANG_WARN_OBJC_ROOT_CLASS = YES_ERROR;
				CLANG_WARN_RANGE_LOOP_ANALYSIS = YES;
				CLANG_WARN_STRICT_PROTOTYPES = YES;
				CLANG_WARN_SUSPICIOUS_MOVE = YES;
				CLANG_WARN_UNGUARDED_AVAILABILITY = YES_AGGRESSIVE;
				CLANG_WARN_UNREACHABLE_CODE = YES;
				CLANG_WARN__DUPLICATE_METHOD_MATCH = YES;
				COPY_PHASE_STRIP = NO;
				DEBUG_INFORMATION_FORMAT = "dwarf-with-dsym";
				ENABLE_NS_ASSERTIONS = NO;
				ENABLE_STRICT_OBJC_MSGSEND = YES;
				GCC_C_LANGUAGE_STANDARD = gnu11;
				GCC_NO_COMMON_BLOCKS = YES;
				GCC_WARN_64_TO_32_BIT_CONVERSION = YES;
				GCC_WARN_ABOUT_RETURN_TYPE = YES_ERROR;
				GCC_WARN_UNDECLARED_SELECTOR = YES;
				GCC_WARN_UNINITIALIZED_AUTOS = YES_AGGRESSIVE;
				GCC_WARN_UNUSED_FUNCTION = YES;
				GCC_WARN_UNUSED_VARIABLE = YES;
				IPHONEOS_DEPLOYMENT_TARGET = 13.2;
				MTL_ENABLE_DEBUG_INFO = NO;
				MTL_FAST_MATH = YES;
				SDKROOT = iphoneos;
				SWIFT_COMPILATION_MODE = wholemodule;
				SWIFT_OPTIMIZATION_LEVEL = "-O";
				VALIDATE_PRODUCT = YES;
			};
			name = Release;
		};
		3086A5962437B27500CBE609 /* Debug */ = {
			isa = XCBuildConfiguration;
			buildSettings = {
				ASSETCATALOG_COMPILER_APPICON_NAME = AppIcon;
				CODE_SIGN_STYLE = Automatic;
				INFOPLIST_FILE = Idosos_Descolados_XCode/Info.plist;
				LD_RUNPATH_SEARCH_PATHS = (
					"$(inherited)",
					"@executable_path/Frameworks",
				);
				PRODUCT_BUNDLE_IDENTIFIER = "gaudio.Idosos-Descolados-XCode";
				PRODUCT_NAME = "$(TARGET_NAME)";
				SWIFT_VERSION = 5.0;
				TARGETED_DEVICE_FAMILY = "1,2";
			};
			name = Debug;
		};
		3086A5972437B27500CBE609 /* Release */ = {
			isa = XCBuildConfiguration;
			buildSettings = {
				ASSETCATALOG_COMPILER_APPICON_NAME = AppIcon;
				CODE_SIGN_STYLE = Automatic;
				INFOPLIST_FILE = Idosos_Descolados_XCode/Info.plist;
				LD_RUNPATH_SEARCH_PATHS = (
					"$(inherited)",
					"@executable_path/Frameworks",
				);
				PRODUCT_BUNDLE_IDENTIFIER = "gaudio.Idosos-Descolados-XCode";
				PRODUCT_NAME = "$(TARGET_NAME)";
				SWIFT_VERSION = 5.0;
				TARGETED_DEVICE_FAMILY = "1,2";
			};
			name = Release;
		};
/* End XCBuildConfiguration section */

/* Begin XCConfigurationList section */
		3086A57C2437B27100CBE609 /* Build configuration list for PBXProject "Idosos_Descolados_XCode" */ = {
			isa = XCConfigurationList;
			buildConfigurations = (
				3086A5932437B27500CBE609 /* Debug */,
				3086A5942437B27500CBE609 /* Release */,
			);
			defaultConfigurationIsVisible = 0;
			defaultConfigurationName = Release;
		};
		3086A5952437B27500CBE609 /* Build configuration list for PBXNativeTarget "Idosos_Descolados_XCode" */ = {
			isa = XCConfigurationList;
			buildConfigurations = (
				3086A5962437B27500CBE609 /* Debug */,
				3086A5972437B27500CBE609 /* Release */,
			);
			defaultConfigurationIsVisible = 0;
			defaultConfigurationName = Release;
		};
/* End XCConfigurationList section */
	};
	rootObject = 3086A5792437B27100CBE609 /* Project object */;
}
